
Microsoft Visual Studio Solution File, Format Version 12.00
# Visual Studio Version 17
VisualStudioVersion = 17.3.32804.467
MinimumVisualStudioVersion = 10.0.40219.1
Project("{9A19103F-16F7-4668-BE54-9A1E7A4F7556}") = "cs-labs-console", "cs-labs-console\cs-labs-console.csproj", "{D4B695F2-5E92-401B-9D79-BB989B64C5BE}"
EndProject
Project("{9A19103F-16F7-4668-BE54-9A1E7A4F7556}") = "cs-labs-winform", "cs-labs-winform\cs-labs-winform.csproj", "{9FE2ADFE-C101-4913-AECE-E10D648082C3}"
EndProject
Global
	GlobalSection(SolutionConfigurationPlatforms) = preSolution
		Debug|Any CPU = Debug|Any CPU
		Release|Any CPU = Release|Any CPU
	EndGlobalSection
	GlobalSection(ProjectConfigurationPlatforms) = postSolution
		{D4B695F2-5E92-401B-9D79-BB989B64C5BE}.Debug|Any CPU.ActiveCfg = Debug|Any CPU
		{D4B695F2-5E92-401B-9D79-BB989B64C5BE}.Debug|Any CPU.Build.0 = Debug|Any CPU
		{D4B695F2-5E92-401B-9D79-BB989B64C5BE}.Release|Any CPU.ActiveCfg = Release|Any CPU
		{D4B695F2-5E92-401B-9D79-BB989B64C5BE}.Release|Any CPU.Build.0 = Release|Any CPU
		{9FE2ADFE-C101-4913-AECE-E10D648082C3}.Debug|Any CPU.ActiveCfg = Debug|Any CPU
		{9FE2ADFE-C101-4913-AECE-E10D648082C3}.Debug|Any CPU.Build.0 = Debug|Any CPU
		{9FE2ADFE-C101-4913-AECE-E10D648082C3}.Release|Any CPU.ActiveCfg = Release|Any CPU
		{9FE2ADFE-C101-4913-AECE-E10D648082C3}.Release|Any CPU.Build.0 = Release|Any CPU
	EndGlobalSection
	GlobalSection(SolutionProperties) = preSolution
		HideSolutionNode = FALSE
	EndGlobalSection
	GlobalSection(ExtensibilityGlobals) = postSolution
		SolutionGuid = {E2A647CA-261D-4BEE-824E-477F8E0F7475}
	EndGlobalSection
EndGlobal
